lockfileVersion: '6.0'

settings:
  autoInstallPeers: true
  excludeLinksFromLockfile: false

dependencies:
  uglify-js:
    specifier: ^3.18.0
    version: 3.18.0

packages:

  /uglify-js@3.18.0:
    resolution: {integrity: sha512-SyVVbcNBCk0dzr9XL/R/ySrmYf0s372K6/hFklzgcp2lBFyXtw4I7BOdDjlLhE1aVqaI/SHWXWmYdlZxuyF38A==}
    engines: {node: '>=0.8.0'}
    hasBin: true
    dev: false
